// !$*UTF8*$!
{
	archiveVersion = 1;
	classes = {
	};
	objectVersion = 77;
	objects = {

/* Begin PBXBuildFile section */
		483056462D84906400718657 /* liblibbzip2.a in Frameworks */ = {isa = PBXBuildFile; fileRef = 483056342D84902F00718657 /* liblibbzip2.a */; };
		4830564F2D84932A00718657 /* liblibbzip2.a in Frameworks */ = {isa = PBXBuildFile; fileRef = 483056342D84902F00718657 /* liblibbzip2.a */; };
/* End PBXBuildFile section */

/* Begin PBXContainerItemProxy section */
		483056492D84916700718657 /* PBXContainerItemProxy */ = {
			isa = PBXContainerItemProxy;
			containerPortal = 4866386A2D819B6600FCE23E /* Project object */;
			proxyType = 1;
			remoteGlobalIDString = 483056332D84902F00718657;
			remoteInfo = libbzip2;
		};
		4830564B2D84920100718657 /* PBXContainerItemProxy */ = {
			isa = PBXContainerItemProxy;
			containerPortal = 4866386A2D819B6600FCE23E /* Project object */;
			proxyType = 1;
			remoteGlobalIDString = 483056332D84902F00718657;
			remoteInfo = libbzip2;
		};
/* End PBXContainerItemProxy section */

/* Begin PBXCopyFilesBuildPhase section */
		4830560B2D848E0800718657 /* CopyFiles */ = {
			isa = PBXCopyFilesBuildPhase;
			buildActionMask = 2147483647;
			dstPath = /usr/share/man/man1/;
			dstSubfolderSpec = 0;
			files = (
			);
			runOnlyForDeploymentPostprocessing = 1;
		};
		483056152D848E2500718657 /* CopyFiles */ = {
			isa = PBXCopyFilesBuildPhase;
			buildActionMask = 2147483647;
			dstPath = /usr/share/man/man1/;
			dstSubfolderSpec = 0;
			files = (
			);
			runOnlyForDeploymentPostprocessing = 1;
		};
		4830561F2D848E3B00718657 /* CopyFiles */ = {
			isa = PBXCopyFilesBuildPhase;
			buildActionMask = 2147483647;
			dstPath = /usr/share/man/man1/;
			dstSubfolderSpec = 0;
			files = (
			);
			runOnlyForDeploymentPostprocessing = 1;
		};
		483056292D848E5200718657 /* CopyFiles */ = {
			isa = PBXCopyFilesBuildPhase;
			buildActionMask = 2147483647;
			dstPath = /usr/share/man/man1/;
			dstSubfolderSpec = 0;
			files = (
			);
			runOnlyForDeploymentPostprocessing = 1;
		};
		486638702D819B6600FCE23E /* CopyFiles */ = {
			isa = PBXCopyFilesBuildPhase;
			buildActionMask = 2147483647;
			dstPath = /usr/share/man/man1/;
			dstSubfolderSpec = 0;
			files = (
			);
			runOnlyForDeploymentPostprocessing = 1;
		};
		486638A62D81A2D100FCE23E /* CopyFiles */ = {
			isa = PBXCopyFilesBuildPhase;
			buildActionMask = 2147483647;
			dstPath = /usr/share/man/man1/;
			dstSubfolderSpec = 0;
			files = (
			);
			runOnlyForDeploymentPostprocessing = 1;
		};
/* End PBXCopyFilesBuildPhase section */

/* Begin PBXFileReference section */
		4830560F2D848E0800718657 /* dlltest */ = {isa = PBXFileReference; explicitFileType = "compiled.mach-o.executable"; includeInIndex = 0; path = dlltest; sourceTree = BUILT_PRODUCTS_DIR; };
		483056192D848E2500718657 /* mk251 */ = {isa = PBXFileReference; explicitFileType = "compiled.mach-o.executable"; includeInIndex = 0; path = mk251; sourceTree = BUILT_PRODUCTS_DIR; };
		483056232D848E3B00718657 /* spewG */ = {isa = PBXFileReference; explicitFileType = "compiled.mach-o.executable"; includeInIndex = 0; path = spewG; sourceTree = BUILT_PRODUCTS_DIR; };
		4830562D2D848E5200718657 /* unzcrash */ = {isa = PBXFileReference; explicitFileType = "compiled.mach-o.executable"; includeInIndex = 0; path = unzcrash; sourceTree = BUILT_PRODUCTS_DIR; };
		483056342D84902F00718657 /* liblibbzip2.a */ = {isa = PBXFileReference; explicitFileType = archive.ar; includeInIndex = 0; path = liblibbzip2.a; sourceTree = BUILT_PRODUCTS_DIR; };
		486638722D819B6600FCE23E /* bzip2 */ = {isa = PBXFileReference; explicitFileType = "compiled.mach-o.executable"; includeInIndex = 0; path = bzip2; sourceTree = BUILT_PRODUCTS_DIR; };
		4866387C2D819BBE00FCE23E /* AUTHORS */ = {isa = PBXFileReference; lastKnownFileType = text; path = AUTHORS; sourceTree = "<group>"; };
		486638802D819BBE00FCE23E /* bzip2.txt */ = {isa = PBXFileReference; lastKnownFileType = text; path = bzip2.txt; sourceTree = "<group>"; };
		486638862D819BBE00FCE23E /* COMPILING.md */ = {isa = PBXFileReference; lastKnownFileType = net.daringfireball.markdown; path = COMPILING.md; sourceTree = "<group>"; };
		486638882D819BBE00FCE23E /* COPYING */ = {isa = PBXFileReference; lastKnownFileType = text; path = COPYING; sourceTree = "<group>"; };
		486638902D819BBE00FCE23E /* README.md */ = {isa = PBXFileReference; lastKnownFileType = net.daringfireball.markdown; path = README.md; sourceTree = "<group>"; };
		486638AA2D81A2D100FCE23E /* bzip2recover */ = {isa = PBXFileReference; explicitFileType = "compiled.mach-o.executable"; includeInIndex = 0; path = bzip2recover; sourceTree = BUILT_PRODUCTS_DIR; };
/* End PBXFileReference section */

/* Begin PBXFileSystemSynchronizedBuildFileExceptionSet section */
		483056102D848E0800718657 /* Exceptions for "BZipFromGitlab" folder in "dlltest" target */ = {
			isa = PBXFileSystemSynchronizedBuildFileExceptionSet;
			membershipExceptions = (
				bzip2/blocksort.c,
				bzip2/bzip2.c,
				bzip2/bzlib.c,
				bzip2/compress.c,
				bzip2/crctable.c,
				bzip2/decompress.c,
				bzip2/huffman.c,
				bzip2/randtable.c,
				bzip2recover.c,
				tests/mk251.c,
				tests/spewG.c,
				tests/unzcrash.c,
			);
			target = 483056082D848E0800718657 /* dlltest */;
		};
		4830561A2D848E2500718657 /* Exceptions for "BZipFromGitlab" folder in "mk251" target */ = {
			isa = PBXFileSystemSynchronizedBuildFileExceptionSet;
			membershipExceptions = (
				bzip2/blocksort.c,
				bzip2/bzip2.c,
				bzip2/bzlib.c,
				bzip2/compress.c,
				bzip2/crctable.c,
				bzip2/decompress.c,
				bzip2/huffman.c,
				bzip2/randtable.c,
				bzip2recover.c,
				tests/dlltest.c,
				tests/spewG.c,
				tests/unzcrash.c,
			);
			target = 483056122D848E2500718657 /* mk251 */;
		};
		483056242D848E3B00718657 /* Exceptions for "BZipFromGitlab" folder in "spewG" target */ = {
			isa = PBXFileSystemSynchronizedBuildFileExceptionSet;
			membershipExceptions = (
				bzip2/blocksort.c,
				bzip2/bzip2.c,
				bzip2/bzlib.c,
				bzip2/compress.c,
				bzip2/crctable.c,
				bzip2/decompress.c,
				bzip2/huffman.c,
				bzip2/randtable.c,
				bzip2recover.c,
				tests/dlltest.c,
				tests/mk251.c,
				tests/unzcrash.c,
			);
			target = 4830561C2D848E3B00718657 /* spewG */;
		};
		4830562E2D848E5200718657 /* Exceptions for "BZipFromGitlab" folder in "unzcrash" target */ = {
			isa = PBXFileSystemSynchronizedBuildFileExceptionSet;
			membershipExceptions = (
				bzip2/blocksort.c,
				bzip2/bzip2.c,
				bzip2/bzlib.c,
				bzip2/compress.c,
				bzip2/crctable.c,
				bzip2/decompress.c,
				bzip2/huffman.c,
				bzip2/randtable.c,
				bzip2recover.c,
				tests/dlltest.c,
				tests/mk251.c,
				tests/spewG.c,
			);
			target = 483056262D848E5200718657 /* unzcrash */;
		};
		483056432D84904A00718657 /* Exceptions for "BZipFromGitlab" folder in "libbzip2" target */ = {
			isa = PBXFileSystemSynchronizedBuildFileExceptionSet;
			membershipExceptions = (
				bzip2/blocksort.c,
				bzip2/bzip2.c,
				bzip2/bzlib.c,
				bzip2/compress.c,
				bzip2/crctable.c,
				bzip2/decompress.c,
				bzip2/huffman.c,
				bzip2/randtable.c,
			);
			target = 483056332D84902F00718657 /* libbzip2 */;
		};
		486638AB2D81A2D100FCE23E /* Exceptions for "BZipFromGitlab" folder in "bzip2recover" target */ = {
			isa = PBXFileSystemSynchronizedBuildFileExceptionSet;
			membershipExceptions = (
				bzip2/blocksort.c,
				bzip2/bzip2.c,
				bzip2/bzlib.c,
				bzip2/compress.c,
				bzip2/crctable.c,
				bzip2/decompress.c,
				bzip2/huffman.c,
				bzip2/randtable.c,
				tests/dlltest.c,
				tests/mk251.c,
				tests/spewG.c,
				tests/unzcrash.c,
			);
			target = 486638A32D81A2D100FCE23E /* bzip2recover */;
		};
		486638AC2D81A44300FCE23E /* Exceptions for "BZipFromGitlab" folder in "bzip2" target */ = {
			isa = PBXFileSystemSynchronizedBuildFileExceptionSet;
			membershipExceptions = (
				bzip2recover.c,
				tests/dlltest.c,
				tests/mk251.c,
				tests/spewG.c,
				tests/unzcrash.c,
			);
			target = 486638712D819B6600FCE23E /* bzip2 */;
		};
/* End PBXFileSystemSynchronizedBuildFileExceptionSet section */

/* Begin PBXFileSystemSynchronizedGroupBuildPhaseMembershipExceptionSet section */
		483056442D84904A00718657 /* Exceptions for "BZipFromGitlab" folder in "Compile Sources" phase from "libbzip2" target */ = {
			isa = PBXFileSystemSynchronizedGroupBuildPhaseMembershipExceptionSet;
			buildPhase = 483056312D84902F00718657 /* Sources */;
			membershipExceptions = (
				bzip2/bz_version.h,
				bzip2/bzlib_private.h,
				bzip2/bzlib.h,
			);
		};
		483056482D8490CC00718657 /* Exceptions for "BZipFromGitlab" folder in "Compile Sources" phase from "dlltest" target */ = {
			isa = PBXFileSystemSynchronizedGroupBuildPhaseMembershipExceptionSet;
			buildPhase = 483056092D848E0800718657 /* Sources */;
			membershipExceptions = (
				bzip2/bzlib.h,
			);
		};
		4830564E2D84920E00718657 /* Exceptions for "BZipFromGitlab" folder in "Compile Sources" phase from "unzcrash" target */ = {
			isa = PBXFileSystemSynchronizedGroupBuildPhaseMembershipExceptionSet;
			buildPhase = 483056272D848E5200718657 /* Sources */;
			membershipExceptions = (
				bzip2/bzlib.h,
			);
		};
/* End PBXFileSystemSynchronizedGroupBuildPhaseMembershipExceptionSet section */

/* Begin PBXFileSystemSynchronizedRootGroup section */
		486638742D819B6600FCE23E /* BZipFromGitlab */ = {
			isa = PBXFileSystemSynchronizedRootGroup;
			exceptions = (
				486638AC2D81A44300FCE23E /* Exceptions for "BZipFromGitlab" folder in "bzip2" target */,
				486638AB2D81A2D100FCE23E /* Exceptions for "BZipFromGitlab" folder in "bzip2recover" target */,
				483056102D848E0800718657 /* Exceptions for "BZipFromGitlab" folder in "dlltest" target */,
				483056482D8490CC00718657 /* Exceptions for "BZipFromGitlab" folder in "Compile Sources" phase from "dlltest" target */,
				4830561A2D848E2500718657 /* Exceptions for "BZipFromGitlab" folder in "mk251" target */,
				483056242D848E3B00718657 /* Exceptions for "BZipFromGitlab" folder in "spewG" target */,
				4830562E2D848E5200718657 /* Exceptions for "BZipFromGitlab" folder in "unzcrash" target */,
				4830564E2D84920E00718657 /* Exceptions for "BZipFromGitlab" folder in "Compile Sources" phase from "unzcrash" target */,
				483056432D84904A00718657 /* Exceptions for "BZipFromGitlab" folder in "libbzip2" target */,
				483056442D84904A00718657 /* Exceptions for "BZipFromGitlab" folder in "Compile Sources" phase from "libbzip2" target */,
			);
			path = BZipFromGitlab;
			sourceTree = "<group>";
		};
/* End PBXFileSystemSynchronizedRootGroup section */

/* Begin PBXFrameworksBuildPhase section */
		4830560A2D848E0800718657 /* Frameworks */ = {
			isa = PBXFrameworksBuildPhase;
			buildActionMask = 2147483647;
			files = (
				483056462D84906400718657 /* liblibbzip2.a in Frameworks */,
			);
			runOnlyForDeploymentPostprocessing = 0;
		};
		483056142D848E2500718657 /* Frameworks */ = {
			isa = PBXFrameworksBuildPhase;
			buildActionMask = 2147483647;
			files = (
			);
			runOnlyForDeploymentPostprocessing = 0;
		};
		4830561E2D848E3B00718657 /* Frameworks */ = {
			isa = PBXFrameworksBuildPhase;
			buildActionMask = 2147483647;
			files = (
			);
			runOnlyForDeploymentPostprocessing = 0;
		};
		483056282D848E5200718657 /* Frameworks */ = {
			isa = PBXFrameworksBuildPhase;
			buildActionMask = 2147483647;
			files = (
				4830564F2D84932A00718657 /* liblibbzip2.a in Frameworks */,
			);
			runOnlyForDeploymentPostprocessing = 0;
		};
		483056322D84902F00718657 /* Frameworks */ = {
			isa = PBXFrameworksBuildPhase;
			buildActionMask = 2147483647;
			files = (
			);
			runOnlyForDeploymentPostprocessing = 0;
		};
		4866386F2D819B6600FCE23E /* Frameworks */ = {
			isa = PBXFrameworksBuildPhase;
			buildActionMask = 2147483647;
			files = (
			);
			runOnlyForDeploymentPostprocessing = 0;
		};
		486638A52D81A2D100FCE23E /* Frameworks */ = {
			isa = PBXFrameworksBuildPhase;
			buildActionMask = 2147483647;
			files = (
			);
			runOnlyForDeploymentPostprocessing = 0;
		};
/* End PBXFrameworksBuildPhase section */

/* Begin PBXGroup section */
		483056452D84906400718657 /* Frameworks */ = {
			isa = PBXGroup;
			children = (
			);
			name = Frameworks;
			sourceTree = "<group>";
		};
		486638692D819B6600FCE23E = {
			isa = PBXGroup;
			children = (
				4866387C2D819BBE00FCE23E /* AUTHORS */,
				486638862D819BBE00FCE23E /* COMPILING.md */,
				486638882D819BBE00FCE23E /* COPYING */,
				486638802D819BBE00FCE23E /* bzip2.txt */,
				486638902D819BBE00FCE23E /* README.md */,
				486638742D819B6600FCE23E /* BZipFromGitlab */,
				483056452D84906400718657 /* Frameworks */,
				486638732D819B6600FCE23E /* Products */,
			);
			sourceTree = "<group>";
		};
		486638732D819B6600FCE23E /* Products */ = {
			isa = PBXGroup;
			children = (
				486638722D819B6600FCE23E /* bzip2 */,
				486638AA2D81A2D100FCE23E /* bzip2recover */,
				4830560F2D848E0800718657 /* dlltest */,
				483056192D848E2500718657 /* mk251 */,
				483056232D848E3B00718657 /* spewG */,
				4830562D2D848E5200718657 /* unzcrash */,
				483056342D84902F00718657 /* liblibbzip2.a */,
			);
			name = Products;
			sourceTree = "<group>";
		};
/* End PBXGroup section */

/* Begin PBXHeadersBuildPhase section */
		483056302D84902F00718657 /* Headers */ = {
			isa = PBXHeadersBuildPhase;
			buildActionMask = 2147483647;
			files = (
			);
			runOnlyForDeploymentPostprocessing = 0;
		};
/* End PBXHeadersBuildPhase section */

/* Begin PBXNativeTarget section */
		483056082D848E0800718657 /* dlltest */ = {
			isa = PBXNativeTarget;
			buildConfigurationList = 4830560C2D848E0800718657 /* Build configuration list for PBXNativeTarget "dlltest" */;
			buildPhases = (
				483056092D848E0800718657 /* Sources */,
				4830560A2D848E0800718657 /* Frameworks */,
				4830560B2D848E0800718657 /* CopyFiles */,
			);
			buildRules = (
			);
			dependencies = (
				4830564A2D84916700718657 /* PBXTargetDependency */,
			);
			fileSystemSynchronizedGroups = (
				486638742D819B6600FCE23E /* BZipFromGitlab */,
			);
			name = dlltest;
			packageProductDependencies = (
			);
			productName = BZipFromGitlab;
			productReference = 4830560F2D848E0800718657 /* dlltest */;
			productType = "com.apple.product-type.tool";
		};
		483056122D848E2500718657 /* mk251 */ = {
			isa = PBXNativeTarget;
			buildConfigurationList = 483056162D848E2500718657 /* Build configuration list for PBXNativeTarget "mk251" */;
			buildPhases = (
				483056132D848E2500718657 /* Sources */,
				483056142D848E2500718657 /* Frameworks */,
				483056152D848E2500718657 /* CopyFiles */,
			);
			buildRules = (
			);
			dependencies = (
			);
			fileSystemSynchronizedGroups = (
				486638742D819B6600FCE23E /* BZipFromGitlab */,
			);
			name = mk251;
			packageProductDependencies = (
			);
			productName = BZipFromGitlab;
			productReference = 483056192D848E2500718657 /* mk251 */;
			productType = "com.apple.product-type.tool";
		};
		4830561C2D848E3B00718657 /* spewG */ = {
			isa = PBXNativeTarget;
			buildConfigurationList = 483056202D848E3B00718657 /* Build configuration list for PBXNativeTarget "spewG" */;
			buildPhases = (
				4830561D2D848E3B00718657 /* Sources */,
				4830561E2D848E3B00718657 /* Frameworks */,
				4830561F2D848E3B00718657 /* CopyFiles */,
			);
			buildRules = (
			);
			dependencies = (
			);
			fileSystemSynchronizedGroups = (
				486638742D819B6600FCE23E /* BZipFromGitlab */,
			);
			name = spewG;
			packageProductDependencies = (
			);
			productName = BZipFromGitlab;
			productReference = 483056232D848E3B00718657 /* spewG */;
			productType = "com.apple.product-type.tool";
		};
		483056262D848E5200718657 /* unzcrash */ = {
			isa = PBXNativeTarget;
			buildConfigurationList = 4830562A2D848E5200718657 /* Build configuration list for PBXNativeTarget "unzcrash" */;
			buildPhases = (
				483056272D848E5200718657 /* Sources */,
				483056282D848E5200718657 /* Frameworks */,
				483056292D848E5200718657 /* CopyFiles */,
			);
			buildRules = (
			);
			dependencies = (
				4830564C2D84920100718657 /* PBXTargetDependency */,
			);
			fileSystemSynchronizedGroups = (
				486638742D819B6600FCE23E /* BZipFromGitlab */,
			);
			name = unzcrash;
			packageProductDependencies = (
			);
			productName = BZipFromGitlab;
			productReference = 4830562D2D848E5200718657 /* unzcrash */;
			productType = "com.apple.product-type.tool";
		};
		483056332D84902F00718657 /* libbzip2 */ = {
			isa = PBXNativeTarget;
			buildConfigurationList = 483056352D84902F00718657 /* Build configuration list for PBXNativeTarget "libbzip2" */;
			buildPhases = (
				483056302D84902F00718657 /* Headers */,
				483056312D84902F00718657 /* Sources */,
				483056322D84902F00718657 /* Frameworks */,
			);
			buildRules = (
			);
			dependencies = (
			);
			name = libbzip2;
			packageProductDependencies = (
			);
			productName = libbzip2;
			productReference = 483056342D84902F00718657 /* liblibbzip2.a */;
			productType = "com.apple.product-type.library.static";
		};
		486638712D819B6600FCE23E /* bzip2 */ = {
			isa = PBXNativeTarget;
			buildConfigurationList = 486638792D819B6600FCE23E /* Build configuration list for PBXNativeTarget "bzip2" */;
			buildPhases = (
				4866386E2D819B6600FCE23E /* Sources */,
				4866386F2D819B6600FCE23E /* Frameworks */,
				486638702D819B6600FCE23E /* CopyFiles */,
			);
			buildRules = (
			);
			dependencies = (
			);
			fileSystemSynchronizedGroups = (
				486638742D819B6600FCE23E /* BZipFromGitlab */,
			);
			name = bzip2;
			packageProductDependencies = (
			);
			productName = BZipFromGitlab;
			productReference = 486638722D819B6600FCE23E /* bzip2 */;
			productType = "com.apple.product-type.tool";
		};
		486638A32D81A2D100FCE23E /* bzip2recover */ = {
			isa = PBXNativeTarget;
			buildConfigurationList = 486638A72D81A2D100FCE23E /* Build configuration list for PBXNativeTarget "bzip2recover" */;
			buildPhases = (
				486638A42D81A2D100FCE23E /* Sources */,
				486638A52D81A2D100FCE23E /* Frameworks */,
				486638A62D81A2D100FCE23E /* CopyFiles */,
			);
			buildRules = (
			);
			dependencies = (
			);
			fileSystemSynchronizedGroups = (
				486638742D819B6600FCE23E /* BZipFromGitlab */,
			);
			name = bzip2recover;
			packageProductDependencies = (
			);
			productName = BZipFromGitlab;
			productReference = 486638AA2D81A2D100FCE23E /* bzip2recover */;
			productType = "com.apple.product-type.tool";
		};
/* End PBXNativeTarget section */

/* Begin PBXProject section */
		4866386A2D819B6600FCE23E /* Project object */ = {
			isa = PBXProject;
			attributes = {
				BuildIndependentTargetsInParallel = 1;
				LastUpgradeCheck = 1620;
				TargetAttributes = {
					483056332D84902F00718657 = {
						CreatedOnToolsVersion = 16.2;
					};
					486638712D819B6600FCE23E = {
						CreatedOnToolsVersion = 16.2;
					};
				};
			};
			buildConfigurationList = 4866386D2D819B6600FCE23E /* Build configuration list for PBXProject "BZipFromGitlab" */;
			developmentRegion = en;
			hasScannedForEncodings = 0;
			knownRegions = (
				en,
				Base,
			);
			mainGroup = 486638692D819B6600FCE23E;
			minimizedProjectReferenceProxies = 1;
			preferredProjectObjectVersion = 77;
			productRefGroup = 486638732D819B6600FCE23E /* Products */;
			projectDirPath = "";
			projectRoot = "";
			targets = (
				486638712D819B6600FCE23E /* bzip2 */,
				486638A32D81A2D100FCE23E /* bzip2recover */,
				483056082D848E0800718657 /* dlltest */,
				483056122D848E2500718657 /* mk251 */,
				4830561C2D848E3B00718657 /* spewG */,
				483056262D848E5200718657 /* unzcrash */,
				483056332D84902F00718657 /* libbzip2 */,
			);
		};
/* End PBXProject section */

/* Begin PBXSourcesBuildPhase section */
		483056092D848E0800718657 /* Sources */ = {
			isa = PBXSourcesBuildPhase;
			buildActionMask = 2147483647;
			files = (
			);
			runOnlyForDeploymentPostprocessing = 0;
		};
		483056132D848E2500718657 /* Sources */ = {
			isa = PBXSourcesBuildPhase;
			buildActionMask = 2147483647;
			files = (
			);
			runOnlyForDeploymentPostprocessing = 0;
		};
		4830561D2D848E3B00718657 /* Sources */ = {
			isa = PBXSourcesBuildPhase;
			buildActionMask = 2147483647;
			files = (
			);
			runOnlyForDeploymentPostprocessing = 0;
		};
		483056272D848E5200718657 /* Sources */ = {
			isa = PBXSourcesBuildPhase;
			buildActionMask = 2147483647;
			files = (
			);
			runOnlyForDeploymentPostprocessing = 0;
		};
		483056312D84902F00718657 /* Sources */ = {
			isa = PBXSourcesBuildPhase;
			buildActionMask = 2147483647;
			files = (
			);
			runOnlyForDeploymentPostprocessing = 0;
		};
		4866386E2D819B6600FCE23E /* Sources */ = {
			isa = PBXSourcesBuildPhase;
			buildActionMask = 2147483647;
			files = (
			);
			runOnlyForDeploymentPostprocessing = 0;
		};
		486638A42D81A2D100FCE23E /* Sources */ = {
			isa = PBXSourcesBuildPhase;
			buildActionMask = 2147483647;
			files = (
			);
			runOnlyForDeploymentPostprocessing = 0;
		};
/* End PBXSourcesBuildPhase section */

/* Begin PBXTargetDependency section */
		4830564A2D84916700718657 /* PBXTargetDependency */ = {
			isa = PBXTargetDependency;
			target = 483056332D84902F00718657 /* libbzip2 */;
			targetProxy = 483056492D84916700718657 /* PBXContainerItemProxy */;
		};
		4830564C2D84920100718657 /* PBXTargetDependency */ = {
			isa = PBXTargetDependency;
			target = 483056332D84902F00718657 /* libbzip2 */;
			targetProxy = 4830564B2D84920100718657 /* PBXContainerItemProxy */;
		};
/* End PBXTargetDependency section */

/* Begin XCBuildConfiguration section */
		4830560D2D848E0800718657 /* Debug */ = {
			isa = XCBuildConfiguration;
			buildSettings = {
				CODE_SIGN_STYLE = Automatic;
				DEVELOPMENT_TEAM = P42FSG7L2S;
				ENABLE_HARDENED_RUNTIME = YES;
				PRODUCT_NAME = "$(TARGET_NAME)";
			};
			name = Debug;
		};
		4830560E2D848E0800718657 /* Release */ = {
			isa = XCBuildConfiguration;
			buildSettings = {
				CODE_SIGN_STYLE = Automatic;
				DEVELOPMENT_TEAM = P42FSG7L2S;
				ENABLE_HARDENED_RUNTIME = YES;
				PRODUCT_NAME = "$(TARGET_NAME)";
			};
			name = Release;
		};
		483056172D848E2500718657 /* Debug */ = {
			isa = XCBuildConfiguration;
			buildSettings = {
				CODE_SIGN_STYLE = Automatic;
				DEVELOPMENT_TEAM = P42FSG7L2S;
				ENABLE_HARDENED_RUNTIME = YES;
				PRODUCT_NAME = "$(TARGET_NAME)";
			};
			name = Debug;
		};
		483056182D848E2500718657 /* Release */ = {
			isa = XCBuildConfiguration;
			buildSettings = {
				CODE_SIGN_STYLE = Automatic;
				DEVELOPMENT_TEAM = P42FSG7L2S;
				ENABLE_HARDENED_RUNTIME = YES;
				PRODUCT_NAME = "$(TARGET_NAME)";
			};
			name = Release;
		};
		483056212D848E3B00718657 /* Debug */ = {
			isa = XCBuildConfiguration;
			buildSettings = {
				CODE_SIGN_STYLE = Automatic;
				DEVELOPMENT_TEAM = P42FSG7L2S;
				ENABLE_HARDENED_RUNTIME = YES;
				PRODUCT_NAME = "$(TARGET_NAME)";
			};
			name = Debug;
		};
		483056222D848E3B00718657 /* Release */ = {
			isa = XCBuildConfiguration;
			buildSettings = {
				CODE_SIGN_STYLE = Automatic;
				DEVELOPMENT_TEAM = P42FSG7L2S;
				ENABLE_HARDENED_RUNTIME = YES;
				PRODUCT_NAME = "$(TARGET_NAME)";
			};
			name = Release;
		};
		4830562B2D848E5200718657 /* Debug */ = {
			isa = XCBuildConfiguration;
			buildSettings = {
				CODE_SIGN_STYLE = Automatic;
				DEVELOPMENT_TEAM = P42FSG7L2S;
				ENABLE_HARDENED_RUNTIME = YES;
				PRODUCT_NAME = "$(TARGET_NAME)";
			};
			name = Debug;
		};
		4830562C2D848E5200718657 /* Release */ = {
			isa = XCBuildConfiguration;
			buildSettings = {
				CODE_SIGN_STYLE = Automatic;
				DEVELOPMENT_TEAM = P42FSG7L2S;
				ENABLE_HARDENED_RUNTIME = YES;
				PRODUCT_NAME = "$(TARGET_NAME)";
			};
			name = Release;
		};
		483056362D84902F00718657 /* Debug */ = {
			isa = XCBuildConfiguration;
			buildSettings = {
				CODE_SIGN_STYLE = Automatic;
				DEVELOPMENT_TEAM = P42FSG7L2S;
				EXECUTABLE_PREFIX = lib;
				PRODUCT_NAME = "$(TARGET_NAME)";
				SKIP_INSTALL = YES;
			};
			name = Debug;
		};
		483056372D84902F00718657 /* Release */ = {
			isa = XCBuildConfiguration;
			buildSettings = {
				CODE_SIGN_STYLE = Automatic;
				DEVELOPMENT_TEAM = P42FSG7L2S;
				EXECUTABLE_PREFIX = lib;
				PRODUCT_NAME = "$(TARGET_NAME)";
				SKIP_INSTALL = YES;
			};
			name = Release;
		};
		486638772D819B6600FCE23E /* Debug */ = {
			isa = XCBuildConfiguration;
			buildSettings = {
				ALWAYS_SEARCH_USER_PATHS = NO;
				ASSETCATALOG_COMPILER_GENERATE_SWIFT_ASSET_SYMBOL_EXTENSIONS = YES;
				CLANG_ANALYZER_NONNULL = YES;
				CLANG_ANALYZER_NUMBER_OBJECT_CONVERSION = YES_AGGRESSIVE;
				CLANG_CXX_LANGUAGE_STANDARD = "gnu++20";
				CLANG_ENABLE_MODULES = YES;
				CLANG_ENABLE_OBJC_ARC = YES;
				CLANG_ENABLE_OBJC_WEAK = YES;
				CLANG_WARN_BLOCK_CAPTURE_AUTORELEASING = YES;
				CLANG_WARN_BOOL_CONVERSION = YES;
				CLANG_WARN_COMMA = YES;
				CLANG_WARN_CONSTANT_CONVERSION = YES;
				CLANG_WARN_DEPRECATED_OBJC_IMPLEMENTATIONS = YES;
				CLANG_WARN_DIRECT_OBJC_ISA_USAGE = YES_ERROR;
				CLANG_WARN_DOCUMENTATION_COMMENTS = YES;
				CLANG_WARN_EMPTY_BODY = YES;
				CLANG_WARN_ENUM_CONVERSION = YES;
				CLANG_WARN_INFINITE_RECURSION = YES;
				CLANG_WARN_INT_CONVERSION = YES;
				CLANG_WARN_NON_LITERAL_NULL_CONVERSION = YES;
				CLANG_WARN_OBJC_IMPLICIT_RETAIN_SELF = YES;
				CLANG_WARN_OBJC_LITERAL_CONVERSION = YES;
				CLANG_WARN_OBJC_ROOT_CLASS = YES_ERROR;
				CLANG_WARN_QUOTED_INCLUDE_IN_FRAMEWORK_HEADER = YES;
				CLANG_WARN_RANGE_LOOP_ANALYSIS = YES;
				CLANG_WARN_STRICT_PROTOTYPES = YES;
				CLANG_WARN_SUSPICIOUS_MOVE = YES;
				CLANG_WARN_UNGUARDED_AVAILABILITY = YES_AGGRESSIVE;
				CLANG_WARN_UNREACHABLE_CODE = YES;
				CLANG_WARN__DUPLICATE_METHOD_MATCH = YES;
				COPY_PHASE_STRIP = NO;
				DEBUG_INFORMATION_FORMAT = dwarf;
				ENABLE_STRICT_OBJC_MSGSEND = YES;
				ENABLE_TESTABILITY = YES;
				ENABLE_USER_SCRIPT_SANDBOXING = YES;
				GCC_C_LANGUAGE_STANDARD = gnu17;
				GCC_DYNAMIC_NO_PIC = NO;
				GCC_NO_COMMON_BLOCKS = YES;
				GCC_OPTIMIZATION_LEVEL = 0;
				GCC_PREPROCESSOR_DEFINITIONS = (
					"DEBUG=1",
					"$(inherited)",
				);
				GCC_WARN_64_TO_32_BIT_CONVERSION = YES;
				GCC_WARN_ABOUT_RETURN_TYPE = YES_ERROR;
				GCC_WARN_UNDECLARED_SELECTOR = YES;
				GCC_WARN_UNINITIALIZED_AUTOS = YES_AGGRESSIVE;
				GCC_WARN_UNUSED_FUNCTION = YES;
				GCC_WARN_UNUSED_VARIABLE = YES;
				LOCALIZATION_PREFERS_STRING_CATALOGS = YES;
				MACOSX_DEPLOYMENT_TARGET = 15.2;
				MTL_ENABLE_DEBUG_INFO = INCLUDE_SOURCE;
				MTL_FAST_MATH = YES;
				ONLY_ACTIVE_ARCH = YES;
				SDKROOT = macosx;
			};
			name = Debug;
		};
		486638782D819B6600FCE23E /* Release */ = {
			isa = XCBuildConfiguration;
			buildSettings = {
				ALWAYS_SEARCH_USER_PATHS = NO;
				ASSETCATALOG_COMPILER_GENERATE_SWIFT_ASSET_SYMBOL_EXTENSIONS = YES;
				CLANG_ANALYZER_NONNULL = YES;
				CLANG_ANALYZER_NUMBER_OBJECT_CONVERSION = YES_AGGRESSIVE;
				CLANG_CXX_LANGUAGE_STANDARD = "gnu++20";
				CLANG_ENABLE_MODULES = YES;
				CLANG_ENABLE_OBJC_ARC = YES;
				CLANG_ENABLE_OBJC_WEAK = YES;
				CLANG_WARN_BLOCK_CAPTURE_AUTORELEASING = YES;
				CLANG_WARN_BOOL_CONVERSION = YES;
				CLANG_WARN_COMMA = YES;
				CLANG_WARN_CONSTANT_CONVERSION = YES;
				CLANG_WARN_DEPRECATED_OBJC_IMPLEMENTATIONS = YES;
				CLANG_WARN_DIRECT_OBJC_ISA_USAGE = YES_ERROR;
				CLANG_WARN_DOCUMENTATION_COMMENTS = YES;
				CLANG_WARN_EMPTY_BODY = YES;
				CLANG_WARN_ENUM_CONVERSION = YES;
				CLANG_WARN_INFINITE_RECURSION = YES;
				CLANG_WARN_INT_CONVERSION = YES;
				CLANG_WARN_NON_LITERAL_NULL_CONVERSION = YES;
				CLANG_WARN_OBJC_IMPLICIT_RETAIN_SELF = YES;
				CLANG_WARN_OBJC_LITERAL_CONVERSION = YES;
				CLANG_WARN_OBJC_ROOT_CLASS = YES_ERROR;
				CLANG_WARN_QUOTED_INCLUDE_IN_FRAMEWORK_HEADER = YES;
				CLANG_WARN_RANGE_LOOP_ANALYSIS = YES;
				CLANG_WARN_STRICT_PROTOTYPES = YES;
				CLANG_WARN_SUSPICIOUS_MOVE = YES;
				CLANG_WARN_UNGUARDED_AVAILABILITY = YES_AGGRESSIVE;
				CLANG_WARN_UNREACHABLE_CODE = YES;
				CLANG_WARN__DUPLICATE_METHOD_MATCH = YES;
				COPY_PHASE_STRIP = NO;
				DEBUG_INFORMATION_FORMAT = "dwarf-with-dsym";
				ENABLE_NS_ASSERTIONS = NO;
				ENABLE_STRICT_OBJC_MSGSEND = YES;
				ENABLE_USER_SCRIPT_SANDBOXING = YES;
				GCC_C_LANGUAGE_STANDARD = gnu17;
				GCC_NO_COMMON_BLOCKS = YES;
				GCC_WARN_64_TO_32_BIT_CONVERSION = YES;
				GCC_WARN_ABOUT_RETURN_TYPE = YES_ERROR;
				GCC_WARN_UNDECLARED_SELECTOR = YES;
				GCC_WARN_UNINITIALIZED_AUTOS = YES_AGGRESSIVE;
				GCC_WARN_UNUSED_FUNCTION = YES;
				GCC_WARN_UNUSED_VARIABLE = YES;
				LOCALIZATION_PREFERS_STRING_CATALOGS = YES;
				MACOSX_DEPLOYMENT_TARGET = 15.2;
				MTL_ENABLE_DEBUG_INFO = NO;
				MTL_FAST_MATH = YES;
				SDKROOT = macosx;
			};
			name = Release;
		};
		4866387A2D819B6600FCE23E /* Debug */ = {
			isa = XCBuildConfiguration;
			buildSettings = {
				CODE_SIGN_STYLE = Automatic;
				DEVELOPMENT_TEAM = P42FSG7L2S;
				ENABLE_HARDENED_RUNTIME = YES;
				PRODUCT_NAME = "$(TARGET_NAME)";
			};
			name = Debug;
		};
		4866387B2D819B6600FCE23E /* Release */ = {
			isa = XCBuildConfiguration;
			buildSettings = {
				CODE_SIGN_STYLE = Automatic;
				DEVELOPMENT_TEAM = P42FSG7L2S;
				ENABLE_HARDENED_RUNTIME = YES;
				PRODUCT_NAME = "$(TARGET_NAME)";
			};
			name = Release;
		};
		486638A82D81A2D100FCE23E /* Debug */ = {
			isa = XCBuildConfiguration;
			buildSettings = {
				CODE_SIGN_STYLE = Automatic;
				DEVELOPMENT_TEAM = P42FSG7L2S;
				ENABLE_HARDENED_RUNTIME = YES;
				PRODUCT_NAME = "$(TARGET_NAME)";
			};
			name = Debug;
		};
		486638A92D81A2D100FCE23E /* Release */ = {
			isa = XCBuildConfiguration;
			buildSettings = {
				CODE_SIGN_STYLE = Automatic;
				DEVELOPMENT_TEAM = P42FSG7L2S;
				ENABLE_HARDENED_RUNTIME = YES;
				PRODUCT_NAME = "$(TARGET_NAME)";
			};
			name = Release;
		};
/* End XCBuildConfiguration section */

/* Begin XCConfigurationList section */
		4830560C2D848E0800718657 /* Build configuration list for PBXNativeTarget "dlltest" */ = {
			isa = XCConfigurationList;
			buildConfigurations = (
				4830560D2D848E0800718657 /* Debug */,
				4830560E2D848E0800718657 /* Release */,
			);
			defaultConfigurationIsVisible = 0;
			defaultConfigurationName = Release;
		};
		483056162D848E2500718657 /* Build configuration list for PBXNativeTarget "mk251" */ = {
			isa = XCConfigurationList;
			buildConfigurations = (
				483056172D848E2500718657 /* Debug */,
				483056182D848E2500718657 /* Release */,
			);
			defaultConfigurationIsVisible = 0;
			defaultConfigurationName = Release;
		};
		483056202D848E3B00718657 /* Build configuration list for PBXNativeTarget "spewG" */ = {
			isa = XCConfigurationList;
			buildConfigurations = (
				483056212D848E3B00718657 /* Debug */,
				483056222D848E3B00718657 /* Release */,
			);
			defaultConfigurationIsVisible = 0;
			defaultConfigurationName = Release;
		};
		4830562A2D848E5200718657 /* Build configuration list for PBXNativeTarget "unzcrash" */ = {
			isa = XCConfigurationList;
			buildConfigurations = (
				4830562B2D848E5200718657 /* Debug */,
				4830562C2D848E5200718657 /* Release */,
			);
			defaultConfigurationIsVisible = 0;
			defaultConfigurationName = Release;
		};
		483056352D84902F00718657 /* Build configuration list for PBXNativeTarget "libbzip2" */ = {
			isa = XCConfigurationList;
			buildConfigurations = (
				483056362D84902F00718657 /* Debug */,
				483056372D84902F00718657 /* Release */,
			);
			defaultConfigurationIsVisible = 0;
			defaultConfigurationName = Release;
		};
		4866386D2D819B6600FCE23E /* Build configuration list for PBXProject "BZipFromGitlab" */ = {
			isa = XCConfigurationList;
			buildConfigurations = (
				486638772D819B6600FCE23E /* Debug */,
				486638782D819B6600FCE23E /* Release */,
			);
			defaultConfigurationIsVisible = 0;
			defaultConfigurationName = Release;
		};
		486638792D819B6600FCE23E /* Build configuration list for PBXNativeTarget "bzip2" */ = {
			isa = XCConfigurationList;
			buildConfigurations = (
				4866387A2D819B6600FCE23E /* Debug */,
				4866387B2D819B6600FCE23E /* Release */,
			);
			defaultConfigurationIsVisible = 0;
			defaultConfigurationName = Release;
		};
		486638A72D81A2D100FCE23E /* Build configuration list for PBXNativeTarget "bzip2recover" */ = {
			isa = XCConfigurationList;
			buildConfigurations = (
				486638A82D81A2D100FCE23E /* Debug */,
				486638A92D81A2D100FCE23E /* Release */,
			);
			defaultConfigurationIsVisible = 0;
			defaultConfigurationName = Release;
		};
/* End XCConfigurationList section */
	};
	rootObject = 4866386A2D819B6600FCE23E /* Project object */;
}
